// !$*UTF8*$!
{
	archiveVersion = 1;
	classes = {
	};
	objectVersion = 50;
	objects = {

/* Begin PBXBuildFile section */
		23B062FF21E7D85F002234EA /* AppDelegate.swift in Sources */ = {isa = PBXBuildFile; fileRef = 23B062FE21E7D85F002234EA /* AppDelegate.swift */; };
		23B0630421E7D85F002234EA /* Main.storyboard in Resources */ = {isa = PBXBuildFile; fileRef = 23B0630221E7D85F002234EA /* Main.storyboard */; };
		23B0630621E7D861002234EA /* Assets.xcassets in Resources */ = {isa = PBXBuildFile; fileRef = 23B0630521E7D861002234EA /* Assets.xcassets */; };
		23B0630921E7D861002234EA /* LaunchScreen.storyboard in Resources */ = {isa = PBXBuildFile; fileRef = 23B0630721E7D861002234EA /* LaunchScreen.storyboard */; };
		23B0631621E7D8A2002234EA /* Extensions.swift in Sources */ = {isa = PBXBuildFile; fileRef = 23B0631521E7D8A2002234EA /* Extensions.swift */; };
		23B0631A21E7DA6E002234EA /* SignUpController.swift in Sources */ = {isa = PBXBuildFile; fileRef = 23B0631921E7DA6E002234EA /* SignUpController.swift */; };
		23B0631C21E7DA7F002234EA /* MainTabController.swift in Sources */ = {isa = PBXBuildFile; fileRef = 23B0631B21E7DA7F002234EA /* MainTabController.swift */; };
		23B0632021E7E51E002234EA /* User.swift in Sources */ = {isa = PBXBuildFile; fileRef = 23B0631F21E7E51E002234EA /* User.swift */; };
		23B0632321E7EA9F002234EA /* PostController.swift in Sources */ = {isa = PBXBuildFile; fileRef = 23B0632221E7EA9F002234EA /* PostController.swift */; };
		23B0632521E7EAA6002234EA /* HomeController.swift in Sources */ = {isa = PBXBuildFile; fileRef = 23B0632421E7EAA6002234EA /* HomeController.swift */; };
		23B0632721E7EAB4002234EA /* ProfileController.swift in Sources */ = {isa = PBXBuildFile; fileRef = 23B0632621E7EAB4002234EA /* ProfileController.swift */; };
/* End PBXBuildFile section */

/* Begin PBXFileReference section */
		23B062FB21E7D85F002234EA /* AdminTabBar.app */ = {isa = PBXFileReference; explicitFileType = wrapper.application; includeInIndex = 0; path = AdminTabBar.app; sourceTree = BUILT_PRODUCTS_DIR; };
		23B062FE21E7D85F002234EA /* AppDelegate.swift */ = {isa = PBXFileReference; lastKnownFileType = sourcecode.swift; path = AppDelegate.swift; sourceTree = "<group>"; };
		23B0630321E7D85F002234EA /* Base */ = {isa = PBXFileReference; lastKnownFileType = file.storyboard; name = Base; path = Base.lproj/Main.storyboard; sourceTree = "<group>"; };
		23B0630521E7D861002234EA /* Assets.xcassets */ = {isa = PBXFileReference; lastKnownFileType = folder.assetcatalog; path = Assets.xcassets; sourceTree = "<group>"; };
		23B0630821E7D861002234EA /* Base */ = {isa = PBXFileReference; lastKnownFileType = file.storyboard; name = Base; path = Base.lproj/LaunchScreen.storyboard; sourceTree = "<group>"; };
		23B0630A21E7D861002234EA /* Info.plist */ = {isa = PBXFileReference; lastKnownFileType = text.plist.xml; path = Info.plist; sourceTree = "<group>"; };
		23B0631521E7D8A2002234EA /* Extensions.swift */ = {isa = PBXFileReference; lastKnownFileType = sourcecode.swift; path = Extensions.swift; sourceTree = "<group>"; };
		23B0631921E7DA6E002234EA /* SignUpController.swift */ = {isa = PBXFileReference; lastKnownFileType = sourcecode.swift; path = SignUpController.swift; sourceTree = "<group>"; };
		23B0631B21E7DA7F002234EA /* MainTabController.swift */ = {isa = PBXFileReference; lastKnownFileType = sourcecode.swift; path = MainTabController.swift; sourceTree = "<group>"; };
		23B0631F21E7E51E002234EA /* User.swift */ = {isa = PBXFileReference; lastKnownFileType = sourcecode.swift; path = User.swift; sourceTree = "<group>"; };
		23B0632221E7EA9F002234EA /* PostController.swift */ = {isa = PBXFileReference; lastKnownFileType = sourcecode.swift; path = PostController.swift; sourceTree = "<group>"; };
		23B0632421E7EAA6002234EA /* HomeController.swift */ = {isa = PBXFileReference; lastKnownFileType = sourcecode.swift; path = HomeController.swift; sourceTree = "<group>"; };
		23B0632621E7EAB4002234EA /* ProfileController.swift */ = {isa = PBXFileReference; lastKnownFileType = sourcecode.swift; path = ProfileController.swift; sourceTree = "<group>"; };
/* End PBXFileReference section */

/* Begin PBXFrameworksBuildPhase section */
		23B062F821E7D85F002234EA /* Frameworks */ = {
			isa = PBXFrameworksBuildPhase;
			buildActionMask = 2147483647;
			files = (
			);
			runOnlyForDeploymentPostprocessing = 0;
		};
/* End PBXFrameworksBuildPhase section */

/* Begin PBXGroup section */
		23678C7521E7F87000B2C948 /* TabController */ = {
			isa = PBXGroup;
			children = (
				23B0631B21E7DA7F002234EA /* MainTabController.swift */,
				23B0632421E7EAA6002234EA /* HomeController.swift */,
				23B0632221E7EA9F002234EA /* PostController.swift */,
				23B0632621E7EAB4002234EA /* ProfileController.swift */,
			);
			path = TabController;
			sourceTree = "<group>";
		};
		23B062F221E7D85F002234EA = {
			isa = PBXGroup;
			children = (
				23B062FD21E7D85F002234EA /* AdminTabBar */,
				23B062FC21E7D85F002234EA /* Products */,
			);
			sourceTree = "<group>";
		};
		23B062FC21E7D85F002234EA /* Products */ = {
			isa = PBXGroup;
			children = (
				23B062FB21E7D85F002234EA /* AdminTabBar.app */,
			);
			name = Products;
			sourceTree = "<group>";
		};
		23B062FD21E7D85F002234EA /* AdminTabBar */ = {
			isa = PBXGroup;
			children = (
				23B0631421E7D874002234EA /* Model */,
				23B0631321E7D873002234EA /* View */,
				23B0631221E7D872002234EA /* Controller */,
				23B0631121E7D86E002234EA /* Utils */,
				23B062FE21E7D85F002234EA /* AppDelegate.swift */,
				23B0630221E7D85F002234EA /* Main.storyboard */,
				23B0630521E7D861002234EA /* Assets.xcassets */,
				23B0630721E7D861002234EA /* LaunchScreen.storyboard */,
				23B0630A21E7D861002234EA /* Info.plist */,
			);
			path = AdminTabBar;
			sourceTree = "<group>";
		};
		23B0631121E7D86E002234EA /* Utils */ = {
			isa = PBXGroup;
			children = (
				23B0631521E7D8A2002234EA /* Extensions.swift */,
			);
			path = Utils;
			sourceTree = "<group>";
		};
		23B0631221E7D872002234EA /* Controller */ = {
			isa = PBXGroup;
			children = (
				23B0631921E7DA6E002234EA /* SignUpController.swift */,
				23678C7521E7F87000B2C948 /* TabController */,
			);
			path = Controller;
			sourceTree = "<group>";
		};
		23B0631321E7D873002234EA /* View */ = {
			isa = PBXGroup;
			children = (
			);
			path = View;
			sourceTree = "<group>";
		};
		23B0631421E7D874002234EA /* Model */ = {
			isa = PBXGroup;
			children = (
				23B0631F21E7E51E002234EA /* User.swift */,
			);
			path = Model;
			sourceTree = "<group>";
		};
/* End PBXGroup section */

/* Begin PBXNativeTarget section */
		23B062FA21E7D85F002234EA /* AdminTabBar */ = {
			isa = PBXNativeTarget;
			buildConfigurationList = 23B0630D21E7D861002234EA /* Build configuration list for PBXNativeTarget "AdminTabBar" */;
			buildPhases = (
				23B062F721E7D85F002234EA /* Sources */,
				23B062F821E7D85F002234EA /* Frameworks */,
				23B062F921E7D85F002234EA /* Resources */,
			);
			buildRules = (
			);
			dependencies = (
			);
			name = AdminTabBar;
			productName = AdminTabBar;
			productReference = 23B062FB21E7D85F002234EA /* AdminTabBar.app */;
			productType = "com.apple.product-type.application";
		};
/* End PBXNativeTarget section */

/* Begin PBXProject section */
		23B062F321E7D85F002234EA /* Project object */ = {
			isa = PBXProject;
			attributes = {
				LastSwiftUpdateCheck = 1000;
				LastUpgradeCheck = 1000;
				ORGANIZATIONNAME = "Stephan Dowless";
				TargetAttributes = {
					23B062FA21E7D85F002234EA = {
						CreatedOnToolsVersion = 10.0;
					};
				};
			};
			buildConfigurationList = 23B062F621E7D85F002234EA /* Build configuration list for PBXProject "AdminTabBar" */;
			compatibilityVersion = "Xcode 9.3";
			developmentRegion = en;
			hasScannedForEncodings = 0;
			knownRegions = (
				en,
				Base,
			);
			mainGroup = 23B062F221E7D85F002234EA;
			productRefGroup = 23B062FC21E7D85F002234EA /* Products */;
			projectDirPath = "";
			projectRoot = "";
			targets = (
				23B062FA21E7D85F002234EA /* AdminTabBar */,
			);
		};
/* End PBXProject section */

/* Begin PBXResourcesBuildPhase section */
		23B062F921E7D85F002234EA /* Resources */ = {
			isa = PBXResourcesBuildPhase;
			buildActionMask = 2147483647;
			files = (
				23B0630921E7D861002234EA /* LaunchScreen.storyboard in Resources */,
				23B0630621E7D861002234EA /* Assets.xcassets in Resources */,
				23B0630421E7D85F002234EA /* Main.storyboard in Resources */,
			);
			runOnlyForDeploymentPostprocessing = 0;
		};
/* End PBXResourcesBuildPhase section */

/* Begin PBXSourcesBuildPhase section */
		23B062F721E7D85F002234EA /* Sources */ = {
			isa = PBXSourcesBuildPhase;
			buildActionMask = 2147483647;
			files = (
				23B0631A21E7DA6E002234EA /* SignUpController.swift in Sources */,
				23B0632321E7EA9F002234EA /* PostController.swift in Sources */,
				23B0631C21E7DA7F002234EA /* MainTabController.swift in Sources */,
				23B0632721E7EAB4002234EA /* ProfileController.swift in Sources */,
				23B0632521E7EAA6002234EA /* HomeController.swift in Sources */,
				23B0631621E7D8A2002234EA /* Extensions.swift in Sources */,
				23B062FF21E7D85F002234EA /* AppDelegate.swift in Sources */,
				23B0632021E7E51E002234EA /* User.swift in Sources */,
			);
			runOnlyForDeploymentPostprocessing = 0;
		};
/* End PBXSourcesBuildPhase section */

/* Begin PBXVariantGroup section */
		23B0630221E7D85F002234EA /* Main.storyboard */ = {
			isa = PBXVariantGroup;
			children = (
				23B0630321E7D85F002234EA /* Base */,
			);
			name = Main.storyboard;
			sourceTree = "<group>";
		};
		23B0630721E7D861002234EA /* LaunchScreen.storyboard */ = {
			isa = PBXVariantGroup;
			children = (
				23B0630821E7D861002234EA /* Base */,
			);
			name = LaunchScreen.storyboard;
			sourceTree = "<group>";
		};
/* End PBXVariantGroup section */

/* Begin XCBuildConfiguration section */
		23B0630B21E7D861002234EA /* Debug */ = {
			isa = XCBuildConfiguration;
			buildSettings = {
				ALWAYS_SEARCH_USER_PATHS = NO;
				CLANG_ANALYZER_NONNULL = YES;
				CLANG_ANALYZER_NUMBER_OBJECT_CONVERSION = YES_AGGRESSIVE;
				CLANG_CXX_LANGUAGE_STANDARD = "gnu++14";
				CLANG_CXX_LIBRARY = "libc++";
				CLANG_ENABLE_MODULES = YES;
				CLANG_ENABLE_OBJC_ARC = YES;
				CLANG_ENABLE_OBJC_WEAK = YES;
				CLANG_WARN_BLOCK_CAPTURE_AUTORELEASING = YES;
				CLANG_WARN_BOOL_CONVERSION = YES;
				CLANG_WARN_COMMA = YES;
				CLANG_WARN_CONSTANT_CONVERSION = YES;
				CLANG_WARN_DEPRECATED_OBJC_IMPLEMENTATIONS = YES;
				CLANG_WARN_DIRECT_OBJC_ISA_USAGE = YES_ERROR;
				CLANG_WARN_DOCUMENTATION_COMMENTS = YES;
				CLANG_WARN_EMPTY_BODY = YES;
				CLANG_WARN_ENUM_CONVERSION = YES;
				CLANG_WARN_INFINITE_RECURSION = YES;
				CLANG_WARN_INT_CONVERSION = YES;
				CLANG_WARN_NON_LITERAL_NULL_CONVERSION = YES;
				CLANG_WARN_OBJC_IMPLICIT_RETAIN_SELF = YES;
				CLANG_WARN_OBJC_LITERAL_CONVERSION = YES;
				CLANG_WARN_OBJC_ROOT_CLASS = YES_ERROR;
				CLANG_WARN_RANGE_LOOP_ANALYSIS = YES;
				CLANG_WARN_STRICT_PROTOTYPES = YES;
				CLANG_WARN_SUSPICIOUS_MOVE = YES;
				CLANG_WARN_UNGUARDED_AVAILABILITY = YES_AGGRESSIVE;
				CLANG_WARN_UNREACHABLE_CODE = YES;
				CLANG_WARN__DUPLICATE_METHOD_MATCH = YES;
				CODE_SIGN_IDENTITY = "iPhone Developer";
				COPY_PHASE_STRIP = NO;
				DEBUG_INFORMATION_FORMAT = dwarf;
				ENABLE_STRICT_OBJC_MSGSEND = YES;
				ENABLE_TESTABILITY = YES;
				GCC_C_LANGUAGE_STANDARD = gnu11;
				GCC_DYNAMIC_NO_PIC = NO;
				GCC_NO_COMMON_BLOCKS = YES;
				GCC_OPTIMIZATION_LEVEL = 0;
				GCC_PREPROCESSOR_DEFINITIONS = (
					"DEBUG=1",
					"$(inherited)",
				);
				GCC_WARN_64_TO_32_BIT_CONVERSION = YES;
				GCC_WARN_ABOUT_RETURN_TYPE = YES_ERROR;
				GCC_WARN_UNDECLARED_SELECTOR = YES;
				GCC_WARN_UNINITIALIZED_AUTOS = YES_AGGRESSIVE;
				GCC_WARN_UNUSED_FUNCTION = YES;
				GCC_WARN_UNUSED_VARIABLE = YES;
				IPHONEOS_DEPLOYMENT_TARGET = 12.0;
				MTL_ENABLE_DEBUG_INFO = INCLUDE_SOURCE;
				MTL_FAST_MATH = YES;
				ONLY_ACTIVE_ARCH = YES;
				SDKROOT = iphoneos;
				SWIFT_ACTIVE_COMPILATION_CONDITIONS = DEBUG;
				SWIFT_OPTIMIZATION_LEVEL = "-Onone";
			};
			name = Debug;
		};
		23B0630C21E7D861002234EA /* Release */ = {
			isa = XCBuildConfiguration;
			buildSettings = {
				ALWAYS_SEARCH_USER_PATHS = NO;
				CLANG_ANALYZER_NONNULL = YES;
				CLANG_ANALYZER_NUMBER_OBJECT_CONVERSION = YES_AGGRESSIVE;
				CLANG_CXX_LANGUAGE_STANDARD = "gnu++14";
				CLANG_CXX_LIBRARY = "libc++";
				CLANG_ENABLE_MODULES = YES;
				CLANG_ENABLE_OBJC_ARC = YES;
				CLANG_ENABLE_OBJC_WEAK = YES;
				CLANG_WARN_BLOCK_CAPTURE_AUTORELEASING = YES;
				CLANG_WARN_BOOL_CONVERSION = YES;
				CLANG_WARN_COMMA = YES;
				CLANG_WARN_CONSTANT_CONVERSION = YES;
				CLANG_WARN_DEPRECATED_OBJC_IMPLEMENTATIONS = YES;
				CLANG_WARN_DIRECT_OBJC_ISA_USAGE = YES_ERROR;
				CLANG_WARN_DOCUMENTATION_COMMENTS = YES;
				CLANG_WARN_EMPTY_BODY = YES;
				CLANG_WARN_ENUM_CONVERSION = YES;
				CLANG_WARN_INFINITE_RECURSION = YES;
				CLANG_WARN_INT_CONVERSION = YES;
				CLANG_WARN_NON_LITERAL_NULL_CONVERSION = YES;
				CLANG_WARN_OBJC_IMPLICIT_RETAIN_SELF = YES;
				CLANG_WARN_OBJC_LITERAL_CONVERSION = YES;
				CLANG_WARN_OBJC_ROOT_CLASS = YES_ERROR;
				CLANG_WARN_RANGE_LOOP_ANALYSIS = YES;
				CLANG_WARN_STRICT_PROTOTYPES = YES;
				CLANG_WARN_SUSPICIOUS_MOVE = YES;
				CLANG_WARN_UNGUARDED_AVAILABILITY = YES_AGGRESSIVE;
				CLANG_WARN_UNREACHABLE_CODE = YES;
				CLANG_WARN__DUPLICATE_METHOD_MATCH = YES;
				CODE_SIGN_IDENTITY = "iPhone Developer";
				COPY_PHASE_STRIP = NO;
				DEBUG_INFORMATION_FORMAT = "dwarf-with-dsym";
				ENABLE_NS_ASSERTIONS = NO;
				ENABLE_STRICT_OBJC_MSGSEND = YES;
				GCC_C_LANGUAGE_STANDARD = gnu11;
				GCC_NO_COMMON_BLOCKS = YES;
				GCC_WARN_64_TO_32_BIT_CONVERSION = YES;
				GCC_WARN_ABOUT_RETURN_TYPE = YES_ERROR;
				GCC_WARN_UNDECLARED_SELECTOR = YES;
				GCC_WARN_UNINITIALIZED_AUTOS = YES_AGGRESSIVE;
				GCC_WARN_UNUSED_FUNCTION = YES;
				GCC_WARN_UNUSED_VARIABLE = YES;
				IPHONEOS_DEPLOYMENT_TARGET = 12.0;
				MTL_ENABLE_DEBUG_INFO = NO;
				MTL_FAST_MATH = YES;
				SDKROOT = iphoneos;
				SWIFT_COMPILATION_MODE = wholemodule;
				SWIFT_OPTIMIZATION_LEVEL = "-O";
				VALIDATE_PRODUCT = YES;
			};
			name = Release;
		};
		23B0630E21E7D861002234EA /* Debug */ = {
			isa = XCBuildConfiguration;
			buildSettings = {
				ASSETCATALOG_COMPILER_APPICON_NAME = AppIcon;
				CODE_SIGN_STYLE = Automatic;
				INFOPLIST_FILE = AdminTabBar/Info.plist;
				LD_RUNPATH_SEARCH_PATHS = (
					"$(inherited)",
					"@executable_path/Frameworks",
				);
				PRODUCT_BUNDLE_IDENTIFIER = com.stephandowless.AdminTabBar;
				PRODUCT_NAME = "$(TARGET_NAME)";
				SWIFT_VERSION = 4.2;
				TARGETED_DEVICE_FAMILY = "1,2";
			};
			name = Debug;
		};
		23B0630F21E7D861002234EA /* Release */ = {
			isa = XCBuildConfiguration;
			buildSettings = {
				ASSETCATALOG_COMPILER_APPICON_NAME = AppIcon;
				CODE_SIGN_STYLE = Automatic;
				INFOPLIST_FILE = AdminTabBar/Info.plist;
				LD_RUNPATH_SEARCH_PATHS = (
					"$(inherited)",
					"@executable_path/Frameworks",
				);
				PRODUCT_BUNDLE_IDENTIFIER = com.stephandowless.AdminTabBar;
				PRODUCT_NAME = "$(TARGET_NAME)";
				SWIFT_VERSION = 4.2;
				TARGETED_DEVICE_FAMILY = "1,2";
			};
			name = Release;
		};
/* End XCBuildConfiguration section */

/* Begin XCConfigurationList section */
		23B062F621E7D85F002234EA /* Build configuration list for PBXProject "AdminTabBar" */ = {
			isa = XCConfigurationList;
			buildConfigurations = (
				23B0630B21E7D861002234EA /* Debug */,
				23B0630C21E7D861002234EA /* Release */,
			);
			defaultConfigurationIsVisible = 0;
			defaultConfigurationName = Release;
		};
		23B0630D21E7D861002234EA /* Build configuration list for PBXNativeTarget "AdminTabBar" */ = {
			isa = XCConfigurationList;
			buildConfigurations = (
				23B0630E21E7D861002234EA /* Debug */,
				23B0630F21E7D861002234EA /* Release */,
			);
			defaultConfigurationIsVisible = 0;
			defaultConfigurationName = Release;
		};
/* End XCConfigurationList section */
	};
	rootObject = 23B062F321E7D85F002234EA /* Project object */;
}
